
Microsoft Visual Studio Solution File, Format Version 12.00
# Visual Studio Version 17
VisualStudioVersion = 17.7.33913.275
MinimumVisualStudioVersion = 10.0.40219.1
Project("{8BC9CEB8-8B4A-11D0-8D11-00A0C91BC942}") = "psopencl_vs2022", "psopencl_vs2022.vcxproj", "{00343A69-885F-4836-8730-10B1D31B1F65}"
	ProjectSection(ProjectDependencies) = postProject
		{1138E9A2-DEA5-4551-89D3-47840B34ADAD} = {1138E9A2-DEA5-4551-89D3-47840B34ADAD}
		{11512441-BBDA-4B9D-8A83-A7262E2FD24D} = {11512441-BBDA-4B9D-8A83-A7262E2FD24D}
	EndProjectSection
EndProject
Project("{8BC9CEB8-8B4A-11D0-8D11-00A0C91BC942}") = "psopencl_Intel_GPU_vs2022", "psopencl_Intel_GPU_vs2022.vcxproj", "{05D3AD85-0F8F-407A-AE51-03E5A166842D}"
EndProject
Project("{8BC9CEB8-8B4A-11D0-8D11-00A0C91BC942}") = "ps_common_8.1_2022", "..\period_search_common\ps_common_8.1_2022.vcxproj", "{11512441-BBDA-4B9D-8A83-A7262E2FD24D}"
EndProject
Project("{8BC9CEB8-8B4A-11D0-8D11-00A0C91BC942}") = "psopencl_kernels_vs2022", "..\period_search_opencl_kernels\psopencl_kernels_vs2022.vcxproj", "{1138E9A2-DEA5-4551-89D3-47840B34ADAD}"
EndProject
Global
	GlobalSection(SolutionConfigurationPlatforms) = preSolution
		Debug|ARM = Debug|ARM
		Debug|ARM64 = Debug|ARM64
		Debug|x64 = Debug|x64
		Debug|x86 = Debug|x86
		Debug-Nvidia|ARM = Debug-Nvidia|ARM
		Debug-Nvidia|ARM64 = Debug-Nvidia|ARM64
		Debug-Nvidia|x64 = Debug-Nvidia|x64
		Debug-Nvidia|x86 = Debug-Nvidia|x86
		Release|ARM = Release|ARM
		Release|ARM64 = Release|ARM64
		Release|x64 = Release|x64
		Release|x86 = Release|x86
		ReleaseD|ARM = ReleaseD|ARM
		ReleaseD|ARM64 = ReleaseD|ARM64
		ReleaseD|x64 = ReleaseD|x64
		ReleaseD|x86 = ReleaseD|x86
		Remote_Debug_Nvidia|ARM = Remote_Debug_Nvidia|ARM
		Remote_Debug_Nvidia|ARM64 = Remote_Debug_Nvidia|ARM64
		Remote_Debug_Nvidia|x64 = Remote_Debug_Nvidia|x64
		Remote_Debug_Nvidia|x86 = Remote_Debug_Nvidia|x86
	EndGlobalSection
	GlobalSection(ProjectConfigurationPlatforms) = postSolution
		{00343A69-885F-4836-8730-10B1D31B1F65}.Debug|ARM.ActiveCfg = Debug|x64
		{00343A69-885F-4836-8730-10B1D31B1F65}.Debug|ARM.Build.0 = Debug|x64
		{00343A69-885F-4836-8730-10B1D31B1F65}.Debug|ARM.Deploy.0 = Debug|x64
		{00343A69-885F-4836-8730-10B1D31B1F65}.Debug|ARM64.ActiveCfg = Debug|x64
		{00343A69-885F-4836-8730-10B1D31B1F65}.Debug|ARM64.Build.0 = Debug|x64
		{00343A69-885F-4836-8730-10B1D31B1F65}.Debug|ARM64.Deploy.0 = Debug|x64
		{00343A69-885F-4836-8730-10B1D31B1F65}.Debug|x64.ActiveCfg = Debug|x64
		{00343A69-885F-4836-8730-10B1D31B1F65}.Debug|x64.Build.0 = Debug|x64
		{00343A69-885F-4836-8730-10B1D31B1F65}.Debug|x64.Deploy.0 = Debug|x64
		{00343A69-885F-4836-8730-10B1D31B1F65}.Debug|x86.ActiveCfg = Debug|Win32
		{00343A69-885F-4836-8730-10B1D31B1F65}.Debug|x86.Build.0 = Debug|Win32
		{00343A69-885F-4836-8730-10B1D31B1F65}.Debug-Nvidia|ARM.ActiveCfg = Debug-Nvidia|x64
		{00343A69-885F-4836-8730-10B1D31B1F65}.Debug-Nvidia|ARM.Build.0 = Debug-Nvidia|x64
		{00343A69-885F-4836-8730-10B1D31B1F65}.Debug-Nvidia|ARM64.ActiveCfg = Debug-Nvidia|x64
		{00343A69-885F-4836-8730-10B1D31B1F65}.Debug-Nvidia|ARM64.Build.0 = Debug-Nvidia|x64
		{00343A69-885F-4836-8730-10B1D31B1F65}.Debug-Nvidia|x64.ActiveCfg = Debug-Nvidia|x64
		{00343A69-885F-4836-8730-10B1D31B1F65}.Debug-Nvidia|x64.Build.0 = Debug-Nvidia|x64
		{00343A69-885F-4836-8730-10B1D31B1F65}.Debug-Nvidia|x86.ActiveCfg = Debug-Nvidia|Win32
		{00343A69-885F-4836-8730-10B1D31B1F65}.Debug-Nvidia|x86.Build.0 = Debug-Nvidia|Win32
		{00343A69-885F-4836-8730-10B1D31B1F65}.Release|ARM.ActiveCfg = Release|x64
		{00343A69-885F-4836-8730-10B1D31B1F65}.Release|ARM.Build.0 = Release|x64
		{00343A69-885F-4836-8730-10B1D31B1F65}.Release|ARM.Deploy.0 = Release|x64
		{00343A69-885F-4836-8730-10B1D31B1F65}.Release|ARM64.ActiveCfg = Release|x64
		{00343A69-885F-4836-8730-10B1D31B1F65}.Release|ARM64.Build.0 = Release|x64
		{00343A69-885F-4836-8730-10B1D31B1F65}.Release|ARM64.Deploy.0 = Release|x64
		{00343A69-885F-4836-8730-10B1D31B1F65}.Release|x64.ActiveCfg = Release|x64
		{00343A69-885F-4836-8730-10B1D31B1F65}.Release|x64.Build.0 = Release|x64
		{00343A69-885F-4836-8730-10B1D31B1F65}.Release|x64.Deploy.0 = Release|x64
		{00343A69-885F-4836-8730-10B1D31B1F65}.Release|x86.ActiveCfg = Release|Win32
		{00343A69-885F-4836-8730-10B1D31B1F65}.Release|x86.Build.0 = Release|Win32
		{00343A69-885F-4836-8730-10B1D31B1F65}.ReleaseD|ARM.ActiveCfg = ReleaseD|x64
		{00343A69-885F-4836-8730-10B1D31B1F65}.ReleaseD|ARM.Build.0 = ReleaseD|x64
		{00343A69-885F-4836-8730-10B1D31B1F65}.ReleaseD|ARM.Deploy.0 = ReleaseD|x64
		{00343A69-885F-4836-8730-10B1D31B1F65}.ReleaseD|ARM64.ActiveCfg = ReleaseD|x64
		{00343A69-885F-4836-8730-10B1D31B1F65}.ReleaseD|ARM64.Build.0 = ReleaseD|x64
		{00343A69-885F-4836-8730-10B1D31B1F65}.ReleaseD|ARM64.Deploy.0 = ReleaseD|x64
		{00343A69-885F-4836-8730-10B1D31B1F65}.ReleaseD|x64.ActiveCfg = ReleaseD|x64
		{00343A69-885F-4836-8730-10B1D31B1F65}.ReleaseD|x64.Build.0 = ReleaseD|x64
		{00343A69-885F-4836-8730-10B1D31B1F65}.ReleaseD|x64.Deploy.0 = ReleaseD|x64
		{00343A69-885F-4836-8730-10B1D31B1F65}.ReleaseD|x86.ActiveCfg = ReleaseD|Win32
		{00343A69-885F-4836-8730-10B1D31B1F65}.ReleaseD|x86.Build.0 = ReleaseD|Win32
		{00343A69-885F-4836-8730-10B1D31B1F65}.Remote_Debug_Nvidia|ARM.ActiveCfg = Remote_Debug_Nvidia|x64
		{00343A69-885F-4836-8730-10B1D31B1F65}.Remote_Debug_Nvidia|ARM.Build.0 = Remote_Debug_Nvidia|x64
		{00343A69-885F-4836-8730-10B1D31B1F65}.Remote_Debug_Nvidia|ARM64.ActiveCfg = Remote_Debug_Nvidia|x64
		{00343A69-885F-4836-8730-10B1D31B1F65}.Remote_Debug_Nvidia|ARM64.Build.0 = Remote_Debug_Nvidia|x64
		{00343A69-885F-4836-8730-10B1D31B1F65}.Remote_Debug_Nvidia|x64.ActiveCfg = Remote_Debug_Nvidia|x64
		{00343A69-885F-4836-8730-10B1D31B1F65}.Remote_Debug_Nvidia|x64.Build.0 = Remote_Debug_Nvidia|x64
		{00343A69-885F-4836-8730-10B1D31B1F65}.Remote_Debug_Nvidia|x86.ActiveCfg = Remote_Debug_Nvidia|Win32
		{00343A69-885F-4836-8730-10B1D31B1F65}.Remote_Debug_Nvidia|x86.Build.0 = Remote_Debug_Nvidia|Win32
		{05D3AD85-0F8F-407A-AE51-03E5A166842D}.Debug|ARM.ActiveCfg = Debug|x64
		{05D3AD85-0F8F-407A-AE51-03E5A166842D}.Debug|ARM.Build.0 = Debug|x64
		{05D3AD85-0F8F-407A-AE51-03E5A166842D}.Debug|ARM64.ActiveCfg = Debug|x64
		{05D3AD85-0F8F-407A-AE51-03E5A166842D}.Debug|ARM64.Build.0 = Debug|x64
		{05D3AD85-0F8F-407A-AE51-03E5A166842D}.Debug|x64.ActiveCfg = Debug|x64
		{05D3AD85-0F8F-407A-AE51-03E5A166842D}.Debug|x64.Build.0 = Debug|x64
		{05D3AD85-0F8F-407A-AE51-03E5A166842D}.Debug|x86.ActiveCfg = Debug|Win32
		{05D3AD85-0F8F-407A-AE51-03E5A166842D}.Debug|x86.Build.0 = Debug|Win32
		{05D3AD85-0F8F-407A-AE51-03E5A166842D}.Debug-Nvidia|ARM.ActiveCfg = Debug-Nvidia|x64
		{05D3AD85-0F8F-407A-AE51-03E5A166842D}.Debug-Nvidia|ARM.Build.0 = Debug-Nvidia|x64
		{05D3AD85-0F8F-407A-AE51-03E5A166842D}.Debug-Nvidia|ARM64.ActiveCfg = Debug-Nvidia|x64
		{05D3AD85-0F8F-407A-AE51-03E5A166842D}.Debug-Nvidia|ARM64.Build.0 = Debug-Nvidia|x64
		{05D3AD85-0F8F-407A-AE51-03E5A166842D}.Debug-Nvidia|x64.ActiveCfg = Debug-Nvidia|x64
		{05D3AD85-0F8F-407A-AE51-03E5A166842D}.Debug-Nvidia|x64.Build.0 = Debug-Nvidia|x64
		{05D3AD85-0F8F-407A-AE51-03E5A166842D}.Debug-Nvidia|x86.ActiveCfg = Debug-Nvidia|Win32
		{05D3AD85-0F8F-407A-AE51-03E5A166842D}.Debug-Nvidia|x86.Build.0 = Debug-Nvidia|Win32
		{05D3AD85-0F8F-407A-AE51-03E5A166842D}.Release|ARM.ActiveCfg = Release|x64
		{05D3AD85-0F8F-407A-AE51-03E5A166842D}.Release|ARM.Build.0 = Release|x64
		{05D3AD85-0F8F-407A-AE51-03E5A166842D}.Release|ARM64.ActiveCfg = Release|x64
		{05D3AD85-0F8F-407A-AE51-03E5A166842D}.Release|ARM64.Build.0 = Release|x64
		{05D3AD85-0F8F-407A-AE51-03E5A166842D}.Release|x64.ActiveCfg = Release|x64
		{05D3AD85-0F8F-407A-AE51-03E5A166842D}.Release|x64.Build.0 = Release|x64
		{05D3AD85-0F8F-407A-AE51-03E5A166842D}.Release|x86.ActiveCfg = Release|Win32
		{05D3AD85-0F8F-407A-AE51-03E5A166842D}.Release|x86.Build.0 = Release|Win32
		{05D3AD85-0F8F-407A-AE51-03E5A166842D}.ReleaseD|ARM.ActiveCfg = ReleaseD|x64
		{05D3AD85-0F8F-407A-AE51-03E5A166842D}.ReleaseD|ARM.Build.0 = ReleaseD|x64
		{05D3AD85-0F8F-407A-AE51-03E5A166842D}.ReleaseD|ARM64.ActiveCfg = ReleaseD|x64
		{05D3AD85-0F8F-407A-AE51-03E5A166842D}.ReleaseD|ARM64.Build.0 = ReleaseD|x64
		{05D3AD85-0F8F-407A-AE51-03E5A166842D}.ReleaseD|x64.ActiveCfg = ReleaseD|x64
		{05D3AD85-0F8F-407A-AE51-03E5A166842D}.ReleaseD|x64.Build.0 = ReleaseD|x64
		{05D3AD85-0F8F-407A-AE51-03E5A166842D}.ReleaseD|x86.ActiveCfg = ReleaseD|Win32
		{05D3AD85-0F8F-407A-AE51-03E5A166842D}.ReleaseD|x86.Build.0 = ReleaseD|Win32
		{05D3AD85-0F8F-407A-AE51-03E5A166842D}.Remote_Debug_Nvidia|ARM.ActiveCfg = Remote_Debug_Nvidia|x64
		{05D3AD85-0F8F-407A-AE51-03E5A166842D}.Remote_Debug_Nvidia|ARM.Build.0 = Remote_Debug_Nvidia|x64
		{05D3AD85-0F8F-407A-AE51-03E5A166842D}.Remote_Debug_Nvidia|ARM64.ActiveCfg = Remote_Debug_Nvidia|x64
		{05D3AD85-0F8F-407A-AE51-03E5A166842D}.Remote_Debug_Nvidia|ARM64.Build.0 = Remote_Debug_Nvidia|x64
		{05D3AD85-0F8F-407A-AE51-03E5A166842D}.Remote_Debug_Nvidia|x64.ActiveCfg = Remote_Debug_Nvidia|x64
		{05D3AD85-0F8F-407A-AE51-03E5A166842D}.Remote_Debug_Nvidia|x64.Build.0 = Remote_Debug_Nvidia|x64
		{05D3AD85-0F8F-407A-AE51-03E5A166842D}.Remote_Debug_Nvidia|x86.ActiveCfg = Remote_Debug_Nvidia|Win32
		{05D3AD85-0F8F-407A-AE51-03E5A166842D}.Remote_Debug_Nvidia|x86.Build.0 = Remote_Debug_Nvidia|Win32
		{11512441-BBDA-4B9D-8A83-A7262E2FD24D}.Debug|ARM.ActiveCfg = Debug|x64
		{11512441-BBDA-4B9D-8A83-A7262E2FD24D}.Debug|ARM.Build.0 = Debug|x64
		{11512441-BBDA-4B9D-8A83-A7262E2FD24D}.Debug|ARM64.ActiveCfg = Debug|ARM64
		{11512441-BBDA-4B9D-8A83-A7262E2FD24D}.Debug|ARM64.Build.0 = Debug|ARM64
		{11512441-BBDA-4B9D-8A83-A7262E2FD24D}.Debug|x64.ActiveCfg = Debug|x64
		{11512441-BBDA-4B9D-8A83-A7262E2FD24D}.Debug|x64.Build.0 = Debug|x64
		{11512441-BBDA-4B9D-8A83-A7262E2FD24D}.Debug|x86.ActiveCfg = Debug|Win32
		{11512441-BBDA-4B9D-8A83-A7262E2FD24D}.Debug|x86.Build.0 = Debug|Win32
		{11512441-BBDA-4B9D-8A83-A7262E2FD24D}.Debug-Nvidia|ARM.ActiveCfg = Debug|x64
		{11512441-BBDA-4B9D-8A83-A7262E2FD24D}.Debug-Nvidia|ARM.Build.0 = Debug|x64
		{11512441-BBDA-4B9D-8A83-A7262E2FD24D}.Debug-Nvidia|ARM64.ActiveCfg = Debug|ARM64
		{11512441-BBDA-4B9D-8A83-A7262E2FD24D}.Debug-Nvidia|ARM64.Build.0 = Debug|ARM64
		{11512441-BBDA-4B9D-8A83-A7262E2FD24D}.Debug-Nvidia|x64.ActiveCfg = Debug|x64
		{11512441-BBDA-4B9D-8A83-A7262E2FD24D}.Debug-Nvidia|x64.Build.0 = Debug|x64
		{11512441-BBDA-4B9D-8A83-A7262E2FD24D}.Debug-Nvidia|x86.ActiveCfg = Debug|Win32
		{11512441-BBDA-4B9D-8A83-A7262E2FD24D}.Debug-Nvidia|x86.Build.0 = Debug|Win32
		{11512441-BBDA-4B9D-8A83-A7262E2FD24D}.Release|ARM.ActiveCfg = Release|x64
		{11512441-BBDA-4B9D-8A83-A7262E2FD24D}.Release|ARM.Build.0 = Release|x64
		{11512441-BBDA-4B9D-8A83-A7262E2FD24D}.Release|ARM64.ActiveCfg = Release|ARM64
		{11512441-BBDA-4B9D-8A83-A7262E2FD24D}.Release|ARM64.Build.0 = Release|ARM64
		{11512441-BBDA-4B9D-8A83-A7262E2FD24D}.Release|x64.ActiveCfg = Release|x64
		{11512441-BBDA-4B9D-8A83-A7262E2FD24D}.Release|x64.Build.0 = Release|x64
		{11512441-BBDA-4B9D-8A83-A7262E2FD24D}.Release|x86.ActiveCfg = Release|Win32
		{11512441-BBDA-4B9D-8A83-A7262E2FD24D}.Release|x86.Build.0 = Release|Win32
		{11512441-BBDA-4B9D-8A83-A7262E2FD24D}.ReleaseD|ARM.ActiveCfg = Release|x64
		{11512441-BBDA-4B9D-8A83-A7262E2FD24D}.ReleaseD|ARM.Build.0 = Release|x64
		{11512441-BBDA-4B9D-8A83-A7262E2FD24D}.ReleaseD|ARM64.ActiveCfg = Release|ARM64
		{11512441-BBDA-4B9D-8A83-A7262E2FD24D}.ReleaseD|ARM64.Build.0 = Release|ARM64
		{11512441-BBDA-4B9D-8A83-A7262E2FD24D}.ReleaseD|x64.ActiveCfg = Release|x64
		{11512441-BBDA-4B9D-8A83-A7262E2FD24D}.ReleaseD|x64.Build.0 = Release|x64
		{11512441-BBDA-4B9D-8A83-A7262E2FD24D}.ReleaseD|x86.ActiveCfg = Release|Win32
		{11512441-BBDA-4B9D-8A83-A7262E2FD24D}.ReleaseD|x86.Build.0 = Release|Win32
		{11512441-BBDA-4B9D-8A83-A7262E2FD24D}.Remote_Debug_Nvidia|ARM.ActiveCfg = Release|x64
		{11512441-BBDA-4B9D-8A83-A7262E2FD24D}.Remote_Debug_Nvidia|ARM.Build.0 = Release|x64
		{11512441-BBDA-4B9D-8A83-A7262E2FD24D}.Remote_Debug_Nvidia|ARM64.ActiveCfg = Release|ARM64
		{11512441-BBDA-4B9D-8A83-A7262E2FD24D}.Remote_Debug_Nvidia|ARM64.Build.0 = Release|ARM64
		{11512441-BBDA-4B9D-8A83-A7262E2FD24D}.Remote_Debug_Nvidia|x64.ActiveCfg = Release|x64
		{11512441-BBDA-4B9D-8A83-A7262E2FD24D}.Remote_Debug_Nvidia|x64.Build.0 = Release|x64
		{11512441-BBDA-4B9D-8A83-A7262E2FD24D}.Remote_Debug_Nvidia|x86.ActiveCfg = Release|Win32
		{11512441-BBDA-4B9D-8A83-A7262E2FD24D}.Remote_Debug_Nvidia|x86.Build.0 = Release|Win32
		{1138E9A2-DEA5-4551-89D3-47840B34ADAD}.Debug|ARM.ActiveCfg = Debug|x64
		{1138E9A2-DEA5-4551-89D3-47840B34ADAD}.Debug|ARM.Build.0 = Debug|x64
		{1138E9A2-DEA5-4551-89D3-47840B34ADAD}.Debug|ARM64.ActiveCfg = Debug|x64
		{1138E9A2-DEA5-4551-89D3-47840B34ADAD}.Debug|ARM64.Build.0 = Debug|x64
		{1138E9A2-DEA5-4551-89D3-47840B34ADAD}.Debug|x64.ActiveCfg = Debug|x64
		{1138E9A2-DEA5-4551-89D3-47840B34ADAD}.Debug|x64.Build.0 = Debug|x64
		{1138E9A2-DEA5-4551-89D3-47840B34ADAD}.Debug|x86.ActiveCfg = Debug|Win32
		{1138E9A2-DEA5-4551-89D3-47840B34ADAD}.Debug|x86.Build.0 = Debug|Win32
		{1138E9A2-DEA5-4551-89D3-47840B34ADAD}.Debug-Nvidia|ARM.ActiveCfg = Debug|x64
		{1138E9A2-DEA5-4551-89D3-47840B34ADAD}.Debug-Nvidia|ARM.Build.0 = Debug|x64
		{1138E9A2-DEA5-4551-89D3-47840B34ADAD}.Debug-Nvidia|ARM64.ActiveCfg = Debug|x64
		{1138E9A2-DEA5-4551-89D3-47840B34ADAD}.Debug-Nvidia|ARM64.Build.0 = Debug|x64
		{1138E9A2-DEA5-4551-89D3-47840B34ADAD}.Debug-Nvidia|x64.ActiveCfg = Debug|x64
		{1138E9A2-DEA5-4551-89D3-47840B34ADAD}.Debug-Nvidia|x64.Build.0 = Debug|x64
		{1138E9A2-DEA5-4551-89D3-47840B34ADAD}.Debug-Nvidia|x86.ActiveCfg = Debug|Win32
		{1138E9A2-DEA5-4551-89D3-47840B34ADAD}.Debug-Nvidia|x86.Build.0 = Debug|Win32
		{1138E9A2-DEA5-4551-89D3-47840B34ADAD}.Release|ARM.ActiveCfg = Release|x64
		{1138E9A2-DEA5-4551-89D3-47840B34ADAD}.Release|ARM.Build.0 = Release|x64
		{1138E9A2-DEA5-4551-89D3-47840B34ADAD}.Release|ARM64.ActiveCfg = Release|x64
		{1138E9A2-DEA5-4551-89D3-47840B34ADAD}.Release|ARM64.Build.0 = Release|x64
		{1138E9A2-DEA5-4551-89D3-47840B34ADAD}.Release|x64.ActiveCfg = Release|x64
		{1138E9A2-DEA5-4551-89D3-47840B34ADAD}.Release|x64.Build.0 = Release|x64
		{1138E9A2-DEA5-4551-89D3-47840B34ADAD}.Release|x86.ActiveCfg = Release|Win32
		{1138E9A2-DEA5-4551-89D3-47840B34ADAD}.Release|x86.Build.0 = Release|Win32
		{1138E9A2-DEA5-4551-89D3-47840B34ADAD}.ReleaseD|ARM.ActiveCfg = Release|x64
		{1138E9A2-DEA5-4551-89D3-47840B34ADAD}.ReleaseD|ARM.Build.0 = Release|x64
		{1138E9A2-DEA5-4551-89D3-47840B34ADAD}.ReleaseD|ARM64.ActiveCfg = Release|x64
		{1138E9A2-DEA5-4551-89D3-47840B34ADAD}.ReleaseD|ARM64.Build.0 = Release|x64
		{1138E9A2-DEA5-4551-89D3-47840B34ADAD}.ReleaseD|x64.ActiveCfg = Release|x64
		{1138E9A2-DEA5-4551-89D3-47840B34ADAD}.ReleaseD|x64.Build.0 = Release|x64
		{1138E9A2-DEA5-4551-89D3-47840B34ADAD}.ReleaseD|x86.ActiveCfg = Release|Win32
		{1138E9A2-DEA5-4551-89D3-47840B34ADAD}.ReleaseD|x86.Build.0 = Release|Win32
		{1138E9A2-DEA5-4551-89D3-47840B34ADAD}.Remote_Debug_Nvidia|ARM.ActiveCfg = Release|x64
		{1138E9A2-DEA5-4551-89D3-47840B34ADAD}.Remote_Debug_Nvidia|ARM.Build.0 = Release|x64
		{1138E9A2-DEA5-4551-89D3-47840B34ADAD}.Remote_Debug_Nvidia|ARM64.ActiveCfg = Release|x64
		{1138E9A2-DEA5-4551-89D3-47840B34ADAD}.Remote_Debug_Nvidia|ARM64.Build.0 = Release|x64
		{1138E9A2-DEA5-4551-89D3-47840B34ADAD}.Remote_Debug_Nvidia|x64.ActiveCfg = Release|x64
		{1138E9A2-DEA5-4551-89D3-47840B34ADAD}.Remote_Debug_Nvidia|x64.Build.0 = Release|x64
		{1138E9A2-DEA5-4551-89D3-47840B34ADAD}.Remote_Debug_Nvidia|x86.ActiveCfg = Release|Win32
		{1138E9A2-DEA5-4551-89D3-47840B34ADAD}.Remote_Debug_Nvidia|x86.Build.0 = Release|Win32
	EndGlobalSection
	GlobalSection(SolutionProperties) = preSolution
		HideSolutionNode = FALSE
	EndGlobalSection
	GlobalSection(ExtensibilityGlobals) = postSolution
		SolutionGuid = {BE6B53F9-6F03-47AC-9713-A4D96E50C62B}
	EndGlobalSection
EndGlobal
